
Microsoft Visual Studio Solution File, Format Version 12.00
# Visual Studio Version 17
VisualStudioVersion = 17.14.36908.2 d17.14
MinimumVisualStudioVersion = 10.0.40219.1
Project("{FAE04EC0-301F-11D3-BF4B-00C04F79EFBC}") = "MzansiBuilds", "MzansiBuilds.csproj", "{FFA1A647-4936-41FA-BDCD-4F0F1F793362}"
EndProject
Global
	GlobalSection(SolutionConfigurationPlatforms) = preSolution
		Debug|Any CPU = Debug|Any CPU
		Release|Any CPU = Release|Any CPU
	EndGlobalSection
	GlobalSection(ProjectConfigurationPlatforms) = postSolution
		{FFA1A647-4936-41FA-BDCD-4F0F1F793362}.Debug|Any CPU.ActiveCfg = Debug|Any CPU
		{FFA1A647-4936-41FA-BDCD-4F0F1F793362}.Debug|Any CPU.Build.0 = Debug|Any CPU
		{FFA1A647-4936-41FA-BDCD-4F0F1F793362}.Release|Any CPU.ActiveCfg = Release|Any CPU
		{FFA1A647-4936-41FA-BDCD-4F0F1F793362}.Release|Any CPU.Build.0 = Release|Any CPU
	EndGlobalSection
	GlobalSection(SolutionProperties) = preSolution
		HideSolutionNode = FALSE
	EndGlobalSection
	GlobalSection(ExtensibilityGlobals) = postSolution
		SolutionGuid = {E3D39C21-62DA-4D8E-8A5C-3B59920D3491}
	EndGlobalSection
EndGlobal
